github.com/puzpuzpuz/xsync v1.5.2 h1:yRAP4wqSOZG+/4pxJ08fPTwrfL0IzE/LKQ/cw509qGY=
github.com/puzpuzpuz/xsync v1.5.2/go.mod h1:K98BYhX3k1dQ2M63t1YNVDanbwUPmBCAhNmVrrxfiGg=
github.com/ungerik/go3d v0.0.0-20220309204530-55ced4bcb334 h1:+pr8RFlV8713Uvkaxzwx/McFP5yxSC1TngTocIv6P2Q=
github.com/ungerik/go3d v0.0.0-20220309204530-55ced4bcb334/go.mod h1:ipEjrk2uLK4xX8ivWBPIVOD0fMtKyPI0strluUfIlYQ=
